
Microsoft Visual Studio Solution File, Format Version 12.00
# Visual Studio Version 16
VisualStudioVersion = 16.0.29709.97
MinimumVisualStudioVersion = 10.0.40219.1
Project("{FAE04EC0-301F-11D3-BF4B-00C04F79EFBC}") = "UrbanPlanner2", "UrbanPlanner2\UrbanPlanner2.csproj", "{A1C8DBC7-7814-4A37-B4C5-38FE7AA498E8}"
EndProject
Global
	GlobalSection(SolutionConfigurationPlatforms) = preSolution
		Debug|Any CPU = Debug|Any CPU
		Release|Any CPU = Release|Any CPU
	EndGlobalSection
	GlobalSection(ProjectConfigurationPlatforms) = postSolution
		{A1C8DBC7-7814-4A37-B4C5-38FE7AA498E8}.Debug|Any CPU.ActiveCfg = Debug|Any CPU
		{A1C8DBC7-7814-4A37-B4C5-38FE7AA498E8}.Debug|Any CPU.Build.0 = Debug|Any CPU
		{A1C8DBC7-7814-4A37-B4C5-38FE7AA498E8}.Release|Any CPU.ActiveCfg = Release|Any CPU
		{A1C8DBC7-7814-4A37-B4C5-38FE7AA498E8}.Release|Any CPU.Build.0 = Release|Any CPU
	EndGlobalSection
	GlobalSection(SolutionProperties) = preSolution
		HideSolutionNode = FALSE
	EndGlobalSection
	GlobalSection(ExtensibilityGlobals) = postSolution
		SolutionGuid = {136C3DEE-C1D1-4577-A523-8B27DE45EE15}
	EndGlobalSection
EndGlobal
