
Microsoft Visual Studio Solution File, Format Version 12.00
# Visual Studio Version 16
VisualStudioVersion = 16.0.29709.97
MinimumVisualStudioVersion = 10.0.40219.1
Project("{FAE04EC0-301F-11D3-BF4B-00C04F79EFBC}") = "ArrayQuiz", "ArrayQuiz\ArrayQuiz.csproj", "{958930B4-6625-45F2-B41F-8E3999321051}"
EndProject
Global
	GlobalSection(SolutionConfigurationPlatforms) = preSolution
		Debug|Any CPU = Debug|Any CPU
		Release|Any CPU = Release|Any CPU
	EndGlobalSection
	GlobalSection(ProjectConfigurationPlatforms) = postSolution
		{958930B4-6625-45F2-B41F-8E3999321051}.Debug|Any CPU.ActiveCfg = Debug|Any CPU
		{958930B4-6625-45F2-B41F-8E3999321051}.Debug|Any CPU.Build.0 = Debug|Any CPU
		{958930B4-6625-45F2-B41F-8E3999321051}.Release|Any CPU.ActiveCfg = Release|Any CPU
		{958930B4-6625-45F2-B41F-8E3999321051}.Release|Any CPU.Build.0 = Release|Any CPU
	EndGlobalSection
	GlobalSection(SolutionProperties) = preSolution
		HideSolutionNode = FALSE
	EndGlobalSection
	GlobalSection(ExtensibilityGlobals) = postSolution
		SolutionGuid = {BD2E6F7D-8B1B-49CB-A845-D6F41DB6096C}
	EndGlobalSection
EndGlobal
