
Microsoft Visual Studio Solution File, Format Version 12.00
# Visual Studio Version 16
VisualStudioVersion = 16.0.29709.97
MinimumVisualStudioVersion = 10.0.40219.1
Project("{FAE04EC0-301F-11D3-BF4B-00C04F79EFBC}") = "Dictionary", "Dictionary\Dictionary.csproj", "{337D2F6A-86C8-4BBA-86D3-BBE0836E2342}"
EndProject
Global
	GlobalSection(SolutionConfigurationPlatforms) = preSolution
		Debug|Any CPU = Debug|Any CPU
		Release|Any CPU = Release|Any CPU
	EndGlobalSection
	GlobalSection(ProjectConfigurationPlatforms) = postSolution
		{337D2F6A-86C8-4BBA-86D3-BBE0836E2342}.Debug|Any CPU.ActiveCfg = Debug|Any CPU
		{337D2F6A-86C8-4BBA-86D3-BBE0836E2342}.Debug|Any CPU.Build.0 = Debug|Any CPU
		{337D2F6A-86C8-4BBA-86D3-BBE0836E2342}.Release|Any CPU.ActiveCfg = Release|Any CPU
		{337D2F6A-86C8-4BBA-86D3-BBE0836E2342}.Release|Any CPU.Build.0 = Release|Any CPU
	EndGlobalSection
	GlobalSection(SolutionProperties) = preSolution
		HideSolutionNode = FALSE
	EndGlobalSection
	GlobalSection(ExtensibilityGlobals) = postSolution
		SolutionGuid = {8F599CF7-686A-4DE2-B320-2D4F009C11BC}
	EndGlobalSection
EndGlobal
