
Microsoft Visual Studio Solution File, Format Version 12.00
# Visual Studio Version 16
VisualStudioVersion = 16.0.29709.97
MinimumVisualStudioVersion = 10.0.40219.1
Project("{FAE04EC0-301F-11D3-BF4B-00C04F79EFBC}") = "PlanetSpaceships", "PlanetSpaceships\PlanetSpaceships.csproj", "{8F9FFFF7-9A5B-4019-8FD9-91FA8AEFC709}"
EndProject
Global
	GlobalSection(SolutionConfigurationPlatforms) = preSolution
		Debug|Any CPU = Debug|Any CPU
		Release|Any CPU = Release|Any CPU
	EndGlobalSection
	GlobalSection(ProjectConfigurationPlatforms) = postSolution
		{8F9FFFF7-9A5B-4019-8FD9-91FA8AEFC709}.Debug|Any CPU.ActiveCfg = Debug|Any CPU
		{8F9FFFF7-9A5B-4019-8FD9-91FA8AEFC709}.Debug|Any CPU.Build.0 = Debug|Any CPU
		{8F9FFFF7-9A5B-4019-8FD9-91FA8AEFC709}.Release|Any CPU.ActiveCfg = Release|Any CPU
		{8F9FFFF7-9A5B-4019-8FD9-91FA8AEFC709}.Release|Any CPU.Build.0 = Release|Any CPU
	EndGlobalSection
	GlobalSection(SolutionProperties) = preSolution
		HideSolutionNode = FALSE
	EndGlobalSection
	GlobalSection(ExtensibilityGlobals) = postSolution
		SolutionGuid = {160CAAFD-A60D-40C3-A7E8-F0087DD0A0C4}
	EndGlobalSection
EndGlobal
